
Microsoft Visual Studio Solution File, Format Version 12.00
# Visual Studio Version 17
VisualStudioVersion = 17.9.34607.119
MinimumVisualStudioVersion = 10.0.40219.1
Project("{FAE04EC0-301F-11D3-BF4B-00C04F79EFBC}") = "Po1300Obdelnik", "Po1300Obdelnik\Po1300Obdelnik.csproj", "{61AD7A56-3F60-4B07-9A62-6AF85E979874}"
EndProject
Global
	GlobalSection(SolutionConfigurationPlatforms) = preSolution
		Debug|Any CPU = Debug|Any CPU
		Release|Any CPU = Release|Any CPU
	EndGlobalSection
	GlobalSection(ProjectConfigurationPlatforms) = postSolution
		{61AD7A56-3F60-4B07-9A62-6AF85E979874}.Debug|Any CPU.ActiveCfg = Debug|Any CPU
		{61AD7A56-3F60-4B07-9A62-6AF85E979874}.Debug|Any CPU.Build.0 = Debug|Any CPU
		{61AD7A56-3F60-4B07-9A62-6AF85E979874}.Release|Any CPU.ActiveCfg = Release|Any CPU
		{61AD7A56-3F60-4B07-9A62-6AF85E979874}.Release|Any CPU.Build.0 = Release|Any CPU
	EndGlobalSection
	GlobalSection(SolutionProperties) = preSolution
		HideSolutionNode = FALSE
	EndGlobalSection
	GlobalSection(ExtensibilityGlobals) = postSolution
		SolutionGuid = {E313052F-4AED-4FFB-9D8D-655F101DE214}
	EndGlobalSection
EndGlobal
